// !$*UTF8*$!
{
	archiveVersion = 1;
	classes = {
	};
	objectVersion = 52;
	objects = {

/* Begin PBXBuildFile section */
		BB1795F82627E03E00EB75B0 /* AppDelegate.swift in Sources */ = {isa = PBXBuildFile; fileRef = BB1795F72627E03E00EB75B0 /* AppDelegate.swift */; };
		BB1795FA2627E03E00EB75B0 /* SceneDelegate.swift in Sources */ = {isa = PBXBuildFile; fileRef = BB1795F92627E03E00EB75B0 /* SceneDelegate.swift */; };
		BB1795FC2627E03E00EB75B0 /* ContentView.swift in Sources */ = {isa = PBXBuildFile; fileRef = BB1795FB2627E03E00EB75B0 /* ContentView.swift */; };
		BB1795FF2627E03E00EB75B0 /* NewsAPI.xcdatamodeld in Sources */ = {isa = PBXBuildFile; fileRef = BB1795FD2627E03E00EB75B0 /* NewsAPI.xcdatamodeld */; };
		BB1796012627E04000EB75B0 /* Assets.xcassets in Resources */ = {isa = PBXBuildFile; fileRef = BB1796002627E04000EB75B0 /* Assets.xcassets */; };
		BB1796042627E04000EB75B0 /* Preview Assets.xcassets in Resources */ = {isa = PBXBuildFile; fileRef = BB1796032627E04000EB75B0 /* Preview Assets.xcassets */; };
		BB1796072627E04000EB75B0 /* LaunchScreen.storyboard in Resources */ = {isa = PBXBuildFile; fileRef = BB1796052627E04000EB75B0 /* LaunchScreen.storyboard */; };
		BB1796182627E7B200EB75B0 /* News.swift in Sources */ = {isa = PBXBuildFile; fileRef = BB1796172627E7B200EB75B0 /* News.swift */; };
		BB17961B2627E7E300EB75B0 /* NewsViewModel.swift in Sources */ = {isa = PBXBuildFile; fileRef = BB17961A2627E7E300EB75B0 /* NewsViewModel.swift */; };
		BB17961E2627E7FD00EB75B0 /* Profile.swift in Sources */ = {isa = PBXBuildFile; fileRef = BB17961D2627E7FD00EB75B0 /* Profile.swift */; };
		BB1796212627E81000EB75B0 /* NewsDetail.swift in Sources */ = {isa = PBXBuildFile; fileRef = BB1796202627E81000EB75B0 /* NewsDetail.swift */; };
		BB1796242627E82800EB75B0 /* NewsList.swift in Sources */ = {isa = PBXBuildFile; fileRef = BB1796232627E82800EB75B0 /* NewsList.swift */; };
		BB19496C262E7A8A00173448 /* FavoriteNews+CoreDataClass.swift in Sources */ = {isa = PBXBuildFile; fileRef = BB19496A262E7A8A00173448 /* FavoriteNews+CoreDataClass.swift */; };
		BB19496D262E7A8A00173448 /* FavoriteNews+CoreDataProperties.swift in Sources */ = {isa = PBXBuildFile; fileRef = BB19496B262E7A8A00173448 /* FavoriteNews+CoreDataProperties.swift */; };
		BB194970262E7F9600173448 /* FavoriteNewsList.swift in Sources */ = {isa = PBXBuildFile; fileRef = BB19496F262E7F9600173448 /* FavoriteNewsList.swift */; };
		BB194974262E878B00173448 /* FavoriteNewsDetail.swift in Sources */ = {isa = PBXBuildFile; fileRef = BB194973262E878B00173448 /* FavoriteNewsDetail.swift */; };
		BB634BA32631181A0079BCBA /* SearchViewModel.swift in Sources */ = {isa = PBXBuildFile; fileRef = BB634BA22631181A0079BCBA /* SearchViewModel.swift */; };
		BB634BA726311E380079BCBA /* SearchList.swift in Sources */ = {isa = PBXBuildFile; fileRef = BB634BA626311E380079BCBA /* SearchList.swift */; };
		BB69328B2629208C00E5D5AD /* SwiftyJSON in Frameworks */ = {isa = PBXBuildFile; productRef = BB69328A2629208C00E5D5AD /* SwiftyJSON */; };
		BB69328F262928FE00E5D5AD /* SDWebImageSwiftUI in Frameworks */ = {isa = PBXBuildFile; productRef = BB69328E262928FE00E5D5AD /* SDWebImageSwiftUI */; };
/* End PBXBuildFile section */

/* Begin PBXFileReference section */
		BB1795F42627E03E00EB75B0 /* NewsAPI.app */ = {isa = PBXFileReference; explicitFileType = wrapper.application; includeInIndex = 0; path = NewsAPI.app; sourceTree = BUILT_PRODUCTS_DIR; };
		BB1795F72627E03E00EB75B0 /* AppDelegate.swift */ = {isa = PBXFileReference; lastKnownFileType = sourcecode.swift; path = AppDelegate.swift; sourceTree = "<group>"; };
		BB1795F92627E03E00EB75B0 /* SceneDelegate.swift */ = {isa = PBXFileReference; lastKnownFileType = sourcecode.swift; path = SceneDelegate.swift; sourceTree = "<group>"; };
		BB1795FB2627E03E00EB75B0 /* ContentView.swift */ = {isa = PBXFileReference; lastKnownFileType = sourcecode.swift; path = ContentView.swift; sourceTree = "<group>"; };
		BB1795FE2627E03E00EB75B0 /* NewsAPI.xcdatamodel */ = {isa = PBXFileReference; lastKnownFileType = wrapper.xcdatamodel; path = NewsAPI.xcdatamodel; sourceTree = "<group>"; };
		BB1796002627E04000EB75B0 /* Assets.xcassets */ = {isa = PBXFileReference; lastKnownFileType = folder.assetcatalog; path = Assets.xcassets; sourceTree = "<group>"; };
		BB1796032627E04000EB75B0 /* Preview Assets.xcassets */ = {isa = PBXFileReference; lastKnownFileType = folder.assetcatalog; path = "Preview Assets.xcassets"; sourceTree = "<group>"; };
		BB1796062627E04000EB75B0 /* Base */ = {isa = PBXFileReference; lastKnownFileType = file.storyboard; name = Base; path = Base.lproj/LaunchScreen.storyboard; sourceTree = "<group>"; };
		BB1796082627E04000EB75B0 /* Info.plist */ = {isa = PBXFileReference; lastKnownFileType = text.plist.xml; path = Info.plist; sourceTree = "<group>"; };
		BB1796172627E7B200EB75B0 /* News.swift */ = {isa = PBXFileReference; lastKnownFileType = sourcecode.swift; path = News.swift; sourceTree = "<group>"; };
		BB17961A2627E7E300EB75B0 /* NewsViewModel.swift */ = {isa = PBXFileReference; lastKnownFileType = sourcecode.swift; path = NewsViewModel.swift; sourceTree = "<group>"; };
		BB17961D2627E7FD00EB75B0 /* Profile.swift */ = {isa = PBXFileReference; lastKnownFileType = sourcecode.swift; path = Profile.swift; sourceTree = "<group>"; };
		BB1796202627E81000EB75B0 /* NewsDetail.swift */ = {isa = PBXFileReference; lastKnownFileType = sourcecode.swift; path = NewsDetail.swift; sourceTree = "<group>"; };
		BB1796232627E82800EB75B0 /* NewsList.swift */ = {isa = PBXFileReference; lastKnownFileType = sourcecode.swift; path = NewsList.swift; sourceTree = "<group>"; };
		BB19496A262E7A8A00173448 /* FavoriteNews+CoreDataClass.swift */ = {isa = PBXFileReference; lastKnownFileType = sourcecode.swift; name = "FavoriteNews+CoreDataClass.swift"; path = "NewsAPI/FavoriteNews+CoreDataClass.swift"; sourceTree = SOURCE_ROOT; };
		BB19496B262E7A8A00173448 /* FavoriteNews+CoreDataProperties.swift */ = {isa = PBXFileReference; lastKnownFileType = sourcecode.swift; name = "FavoriteNews+CoreDataProperties.swift"; path = "NewsAPI/FavoriteNews+CoreDataProperties.swift"; sourceTree = SOURCE_ROOT; };
		BB19496F262E7F9600173448 /* FavoriteNewsList.swift */ = {isa = PBXFileReference; lastKnownFileType = sourcecode.swift; path = FavoriteNewsList.swift; sourceTree = "<group>"; };
		BB194973262E878B00173448 /* FavoriteNewsDetail.swift */ = {isa = PBXFileReference; lastKnownFileType = sourcecode.swift; path = FavoriteNewsDetail.swift; sourceTree = "<group>"; };
		BB634BA22631181A0079BCBA /* SearchViewModel.swift */ = {isa = PBXFileReference; lastKnownFileType = sourcecode.swift; path = SearchViewModel.swift; sourceTree = "<group>"; };
		BB634BA626311E380079BCBA /* SearchList.swift */ = {isa = PBXFileReference; lastKnownFileType = sourcecode.swift; path = SearchList.swift; sourceTree = "<group>"; };
/* End PBXFileReference section */

/* Begin PBXFrameworksBuildPhase section */
		BB1795F12627E03E00EB75B0 /* Frameworks */ = {
			isa = PBXFrameworksBuildPhase;
			buildActionMask = 2147483647;
			files = (
				BB69328F262928FE00E5D5AD /* SDWebImageSwiftUI in Frameworks */,
				BB69328B2629208C00E5D5AD /* SwiftyJSON in Frameworks */,
			);
			runOnlyForDeploymentPostprocessing = 0;
		};
/* End PBXFrameworksBuildPhase section */

/* Begin PBXGroup section */
		BB1795EB2627E03E00EB75B0 = {
			isa = PBXGroup;
			children = (
				BB1795F62627E03E00EB75B0 /* NewsAPI */,
				BB1795F52627E03E00EB75B0 /* Products */,
			);
			sourceTree = "<group>";
		};
		BB1795F52627E03E00EB75B0 /* Products */ = {
			isa = PBXGroup;
			children = (
				BB1795F42627E03E00EB75B0 /* NewsAPI.app */,
			);
			name = Products;
			sourceTree = "<group>";
		};
		BB1795F62627E03E00EB75B0 /* NewsAPI */ = {
			isa = PBXGroup;
			children = (
				BB634BA526311E1B0079BCBA /* Search */,
				BB194962262E762200173448 /* CoreData */,
				BB1796122627E07700EB75B0 /* Base */,
				BB1796112627E06100EB75B0 /* Model */,
				BB1796102627E05900EB75B0 /* ViewModel */,
				BB17960F2627E04D00EB75B0 /* View */,
				BB1796002627E04000EB75B0 /* Assets.xcassets */,
				BB1796052627E04000EB75B0 /* LaunchScreen.storyboard */,
				BB1796082627E04000EB75B0 /* Info.plist */,
				BB1796022627E04000EB75B0 /* Preview Content */,
			);
			path = NewsAPI;
			sourceTree = "<group>";
		};
		BB1796022627E04000EB75B0 /* Preview Content */ = {
			isa = PBXGroup;
			children = (
				BB1796032627E04000EB75B0 /* Preview Assets.xcassets */,
			);
			path = "Preview Content";
			sourceTree = "<group>";
		};
		BB17960F2627E04D00EB75B0 /* View */ = {
			isa = PBXGroup;
			children = (
				BB1795FB2627E03E00EB75B0 /* ContentView.swift */,
				BB1796232627E82800EB75B0 /* NewsList.swift */,
				BB1796202627E81000EB75B0 /* NewsDetail.swift */,
				BB17961D2627E7FD00EB75B0 /* Profile.swift */,
				BB19496F262E7F9600173448 /* FavoriteNewsList.swift */,
				BB194973262E878B00173448 /* FavoriteNewsDetail.swift */,
			);
			path = View;
			sourceTree = "<group>";
		};
		BB1796102627E05900EB75B0 /* ViewModel */ = {
			isa = PBXGroup;
			children = (
				BB17961A2627E7E300EB75B0 /* NewsViewModel.swift */,
				BB634BA22631181A0079BCBA /* SearchViewModel.swift */,
			);
			path = ViewModel;
			sourceTree = "<group>";
		};
		BB1796112627E06100EB75B0 /* Model */ = {
			isa = PBXGroup;
			children = (
				BB1796172627E7B200EB75B0 /* News.swift */,
			);
			path = Model;
			sourceTree = "<group>";
		};
		BB1796122627E07700EB75B0 /* Base */ = {
			isa = PBXGroup;
			children = (
				BB1795F72627E03E00EB75B0 /* AppDelegate.swift */,
				BB1795F92627E03E00EB75B0 /* SceneDelegate.swift */,
			);
			path = Base;
			sourceTree = "<group>";
		};
		BB194962262E762200173448 /* CoreData */ = {
			isa = PBXGroup;
			children = (
				BB19496A262E7A8A00173448 /* FavoriteNews+CoreDataClass.swift */,
				BB19496B262E7A8A00173448 /* FavoriteNews+CoreDataProperties.swift */,
				BB1795FD2627E03E00EB75B0 /* NewsAPI.xcdatamodeld */,
			);
			path = CoreData;
			sourceTree = "<group>";
		};
		BB634BA526311E1B0079BCBA /* Search */ = {
			isa = PBXGroup;
			children = (
				BB634BA626311E380079BCBA /* SearchList.swift */,
			);
			path = Search;
			sourceTree = "<group>";
		};
/* End PBXGroup section */

/* Begin PBXNativeTarget section */
		BB1795F32627E03E00EB75B0 /* NewsAPI */ = {
			isa = PBXNativeTarget;
			buildConfigurationList = BB17960B2627E04000EB75B0 /* Build configuration list for PBXNativeTarget "NewsAPI" */;
			buildPhases = (
				BB1795F02627E03E00EB75B0 /* Sources */,
				BB1795F12627E03E00EB75B0 /* Frameworks */,
				BB1795F22627E03E00EB75B0 /* Resources */,
			);
			buildRules = (
			);
			dependencies = (
			);
			name = NewsAPI;
			packageProductDependencies = (
				BB69328A2629208C00E5D5AD /* SwiftyJSON */,
				BB69328E262928FE00E5D5AD /* SDWebImageSwiftUI */,
			);
			productName = NewsAPI;
			productReference = BB1795F42627E03E00EB75B0 /* NewsAPI.app */;
			productType = "com.apple.product-type.application";
		};
/* End PBXNativeTarget section */

/* Begin PBXProject section */
		BB1795EC2627E03E00EB75B0 /* Project object */ = {
			isa = PBXProject;
			attributes = {
				LastSwiftUpdateCheck = 1230;
				LastUpgradeCheck = 1230;
				TargetAttributes = {
					BB1795F32627E03E00EB75B0 = {
						CreatedOnToolsVersion = 12.3;
					};
				};
			};
			buildConfigurationList = BB1795EF2627E03E00EB75B0 /* Build configuration list for PBXProject "NewsAPI" */;
			compatibilityVersion = "Xcode 9.3";
			developmentRegion = en;
			hasScannedForEncodings = 0;
			knownRegions = (
				en,
				Base,
			);
			mainGroup = BB1795EB2627E03E00EB75B0;
			packageReferences = (
				BB6932892629208C00E5D5AD /* XCRemoteSwiftPackageReference "SwiftyJSON" */,
				BB69328D262928FE00E5D5AD /* XCRemoteSwiftPackageReference "SDWebImageSwiftUI" */,
			);
			productRefGroup = BB1795F52627E03E00EB75B0 /* Products */;
			projectDirPath = "";
			projectRoot = "";
			targets = (
				BB1795F32627E03E00EB75B0 /* NewsAPI */,
			);
		};
/* End PBXProject section */

/* Begin PBXResourcesBuildPhase section */
		BB1795F22627E03E00EB75B0 /* Resources */ = {
			isa = PBXResourcesBuildPhase;
			buildActionMask = 2147483647;
			files = (
				BB1796072627E04000EB75B0 /* LaunchScreen.storyboard in Resources */,
				BB1796042627E04000EB75B0 /* Preview Assets.xcassets in Resources */,
				BB1796012627E04000EB75B0 /* Assets.xcassets in Resources */,
			);
			runOnlyForDeploymentPostprocessing = 0;
		};
/* End PBXResourcesBuildPhase section */

/* Begin PBXSourcesBuildPhase section */
		BB1795F02627E03E00EB75B0 /* Sources */ = {
			isa = PBXSourcesBuildPhase;
			buildActionMask = 2147483647;
			files = (
				BB1795F82627E03E00EB75B0 /* AppDelegate.swift in Sources */,
				BB17961B2627E7E300EB75B0 /* NewsViewModel.swift in Sources */,
				BB194970262E7F9600173448 /* FavoriteNewsList.swift in Sources */,
				BB1795FA2627E03E00EB75B0 /* SceneDelegate.swift in Sources */,
				BB1796212627E81000EB75B0 /* NewsDetail.swift in Sources */,
				BB19496C262E7A8A00173448 /* FavoriteNews+CoreDataClass.swift in Sources */,
				BB17961E2627E7FD00EB75B0 /* Profile.swift in Sources */,
				BB194974262E878B00173448 /* FavoriteNewsDetail.swift in Sources */,
				BB634BA726311E380079BCBA /* SearchList.swift in Sources */,
				BB634BA32631181A0079BCBA /* SearchViewModel.swift in Sources */,
				BB1795FC2627E03E00EB75B0 /* ContentView.swift in Sources */,
				BB1796242627E82800EB75B0 /* NewsList.swift in Sources */,
				BB1796182627E7B200EB75B0 /* News.swift in Sources */,
				BB1795FF2627E03E00EB75B0 /* NewsAPI.xcdatamodeld in Sources */,
				BB19496D262E7A8A00173448 /* FavoriteNews+CoreDataProperties.swift in Sources */,
			);
			runOnlyForDeploymentPostprocessing = 0;
		};
/* End PBXSourcesBuildPhase section */

/* Begin PBXVariantGroup section */
		BB1796052627E04000EB75B0 /* LaunchScreen.storyboard */ = {
			isa = PBXVariantGroup;
			children = (
				BB1796062627E04000EB75B0 /* Base */,
			);
			name = LaunchScreen.storyboard;
			sourceTree = "<group>";
		};
/* End PBXVariantGroup section */

/* Begin XCBuildConfiguration section */
		BB1796092627E04000EB75B0 /* Debug */ = {
			isa = XCBuildConfiguration;
			buildSettings = {
				ALWAYS_SEARCH_USER_PATHS = NO;
				CLANG_ANALYZER_NONNULL = YES;
				CLANG_ANALYZER_NUMBER_OBJECT_CONVERSION = YES_AGGRESSIVE;
				CLANG_CXX_LANGUAGE_STANDARD = "gnu++14";
				CLANG_CXX_LIBRARY = "libc++";
				CLANG_ENABLE_MODULES = YES;
				CLANG_ENABLE_OBJC_ARC = YES;
				CLANG_ENABLE_OBJC_WEAK = YES;
				CLANG_WARN_BLOCK_CAPTURE_AUTORELEASING = YES;
				CLANG_WARN_BOOL_CONVERSION = YES;
				CLANG_WARN_COMMA = YES;
				CLANG_WARN_CONSTANT_CONVERSION = YES;
				CLANG_WARN_DEPRECATED_OBJC_IMPLEMENTATIONS = YES;
				CLANG_WARN_DIRECT_OBJC_ISA_USAGE = YES_ERROR;
				CLANG_WARN_DOCUMENTATION_COMMENTS = YES;
				CLANG_WARN_EMPTY_BODY = YES;
				CLANG_WARN_ENUM_CONVERSION = YES;
				CLANG_WARN_INFINITE_RECURSION = YES;
				CLANG_WARN_INT_CONVERSION = YES;
				CLANG_WARN_NON_LITERAL_NULL_CONVERSION = YES;
				CLANG_WARN_OBJC_IMPLICIT_RETAIN_SELF = YES;
				CLANG_WARN_OBJC_LITERAL_CONVERSION = YES;
				CLANG_WARN_OBJC_ROOT_CLASS = YES_ERROR;
				CLANG_WARN_QUOTED_INCLUDE_IN_FRAMEWORK_HEADER = YES;
				CLANG_WARN_RANGE_LOOP_ANALYSIS = YES;
				CLANG_WARN_STRICT_PROTOTYPES = YES;
				CLANG_WARN_SUSPICIOUS_MOVE = YES;
				CLANG_WARN_UNGUARDED_AVAILABILITY = YES_AGGRESSIVE;
				CLANG_WARN_UNREACHABLE_CODE = YES;
				CLANG_WARN__DUPLICATE_METHOD_MATCH = YES;
				COPY_PHASE_STRIP = NO;
				DEBUG_INFORMATION_FORMAT = dwarf;
				ENABLE_STRICT_OBJC_MSGSEND = YES;
				ENABLE_TESTABILITY = YES;
				GCC_C_LANGUAGE_STANDARD = gnu11;
				GCC_DYNAMIC_NO_PIC = NO;
				GCC_NO_COMMON_BLOCKS = YES;
				GCC_OPTIMIZATION_LEVEL = 0;
				GCC_PREPROCESSOR_DEFINITIONS = (
					"DEBUG=1",
					"$(inherited)",
				);
				GCC_WARN_64_TO_32_BIT_CONVERSION = YES;
				GCC_WARN_ABOUT_RETURN_TYPE = YES_ERROR;
				GCC_WARN_UNDECLARED_SELECTOR = YES;
				GCC_WARN_UNINITIALIZED_AUTOS = YES_AGGRESSIVE;
				GCC_WARN_UNUSED_FUNCTION = YES;
				GCC_WARN_UNUSED_VARIABLE = YES;
				IPHONEOS_DEPLOYMENT_TARGET = 14.3;
				MTL_ENABLE_DEBUG_INFO = INCLUDE_SOURCE;
				MTL_FAST_MATH = YES;
				ONLY_ACTIVE_ARCH = YES;
				SDKROOT = iphoneos;
				SWIFT_ACTIVE_COMPILATION_CONDITIONS = DEBUG;
				SWIFT_OPTIMIZATION_LEVEL = "-Onone";
			};
			name = Debug;
		};
		BB17960A2627E04000EB75B0 /* Release */ = {
			isa = XCBuildConfiguration;
			buildSettings = {
				ALWAYS_SEARCH_USER_PATHS = NO;
				CLANG_ANALYZER_NONNULL = YES;
				CLANG_ANALYZER_NUMBER_OBJECT_CONVERSION = YES_AGGRESSIVE;
				CLANG_CXX_LANGUAGE_STANDARD = "gnu++14";
				CLANG_CXX_LIBRARY = "libc++";
				CLANG_ENABLE_MODULES = YES;
				CLANG_ENABLE_OBJC_ARC = YES;
				CLANG_ENABLE_OBJC_WEAK = YES;
				CLANG_WARN_BLOCK_CAPTURE_AUTORELEASING = YES;
				CLANG_WARN_BOOL_CONVERSION = YES;
				CLANG_WARN_COMMA = YES;
				CLANG_WARN_CONSTANT_CONVERSION = YES;
				CLANG_WARN_DEPRECATED_OBJC_IMPLEMENTATIONS = YES;
				CLANG_WARN_DIRECT_OBJC_ISA_USAGE = YES_ERROR;
				CLANG_WARN_DOCUMENTATION_COMMENTS = YES;
				CLANG_WARN_EMPTY_BODY = YES;
				CLANG_WARN_ENUM_CONVERSION = YES;
				CLANG_WARN_INFINITE_RECURSION = YES;
				CLANG_WARN_INT_CONVERSION = YES;
				CLANG_WARN_NON_LITERAL_NULL_CONVERSION = YES;
				CLANG_WARN_OBJC_IMPLICIT_RETAIN_SELF = YES;
				CLANG_WARN_OBJC_LITERAL_CONVERSION = YES;
				CLANG_WARN_OBJC_ROOT_CLASS = YES_ERROR;
				CLANG_WARN_QUOTED_INCLUDE_IN_FRAMEWORK_HEADER = YES;
				CLANG_WARN_RANGE_LOOP_ANALYSIS = YES;
				CLANG_WARN_STRICT_PROTOTYPES = YES;
				CLANG_WARN_SUSPICIOUS_MOVE = YES;
				CLANG_WARN_UNGUARDED_AVAILABILITY = YES_AGGRESSIVE;
				CLANG_WARN_UNREACHABLE_CODE = YES;
				CLANG_WARN__DUPLICATE_METHOD_MATCH = YES;
				COPY_PHASE_STRIP = NO;
				DEBUG_INFORMATION_FORMAT = "dwarf-with-dsym";
				ENABLE_NS_ASSERTIONS = NO;
				ENABLE_STRICT_OBJC_MSGSEND = YES;
				GCC_C_LANGUAGE_STANDARD = gnu11;
				GCC_NO_COMMON_BLOCKS = YES;
				GCC_WARN_64_TO_32_BIT_CONVERSION = YES;
				GCC_WARN_ABOUT_RETURN_TYPE = YES_ERROR;
				GCC_WARN_UNDECLARED_SELECTOR = YES;
				GCC_WARN_UNINITIALIZED_AUTOS = YES_AGGRESSIVE;
				GCC_WARN_UNUSED_FUNCTION = YES;
				GCC_WARN_UNUSED_VARIABLE = YES;
				IPHONEOS_DEPLOYMENT_TARGET = 14.3;
				MTL_ENABLE_DEBUG_INFO = NO;
				MTL_FAST_MATH = YES;
				SDKROOT = iphoneos;
				SWIFT_COMPILATION_MODE = wholemodule;
				SWIFT_OPTIMIZATION_LEVEL = "-O";
				VALIDATE_PRODUCT = YES;
			};
			name = Release;
		};
		BB17960C2627E04000EB75B0 /* Debug */ = {
			isa = XCBuildConfiguration;
			buildSettings = {
				ASSETCATALOG_COMPILER_APPICON_NAME = AppIcon;
				ASSETCATALOG_COMPILER_GLOBAL_ACCENT_COLOR_NAME = AccentColor;
				CODE_SIGN_STYLE = Automatic;
				DEVELOPMENT_ASSET_PATHS = "\"NewsAPI/Preview Content\"";
				DEVELOPMENT_TEAM = M68SWZWF5R;
				ENABLE_PREVIEWS = YES;
				INFOPLIST_FILE = NewsAPI/Info.plist;
				LD_RUNPATH_SEARCH_PATHS = (
					"$(inherited)",
					"@executable_path/Frameworks",
				);
				PRODUCT_BUNDLE_IDENTIFIER = com.darell.NewsAPI;
				PRODUCT_NAME = "$(TARGET_NAME)";
				SWIFT_VERSION = 5.0;
				TARGETED_DEVICE_FAMILY = "1,2";
			};
			name = Debug;
		};
		BB17960D2627E04000EB75B0 /* Release */ = {
			isa = XCBuildConfiguration;
			buildSettings = {
				ASSETCATALOG_COMPILER_APPICON_NAME = AppIcon;
				ASSETCATALOG_COMPILER_GLOBAL_ACCENT_COLOR_NAME = AccentColor;
				CODE_SIGN_STYLE = Automatic;
				DEVELOPMENT_ASSET_PATHS = "\"NewsAPI/Preview Content\"";
				DEVELOPMENT_TEAM = M68SWZWF5R;
				ENABLE_PREVIEWS = YES;
				INFOPLIST_FILE = NewsAPI/Info.plist;
				LD_RUNPATH_SEARCH_PATHS = (
					"$(inherited)",
					"@executable_path/Frameworks",
				);
				PRODUCT_BUNDLE_IDENTIFIER = com.darell.NewsAPI;
				PRODUCT_NAME = "$(TARGET_NAME)";
				SWIFT_VERSION = 5.0;
				TARGETED_DEVICE_FAMILY = "1,2";
			};
			name = Release;
		};
/* End XCBuildConfiguration section */

/* Begin XCConfigurationList section */
		BB1795EF2627E03E00EB75B0 /* Build configuration list for PBXProject "NewsAPI" */ = {
			isa = XCConfigurationList;
			buildConfigurations = (
				BB1796092627E04000EB75B0 /* Debug */,
				BB17960A2627E04000EB75B0 /* Release */,
			);
			defaultConfigurationIsVisible = 0;
			defaultConfigurationName = Release;
		};
		BB17960B2627E04000EB75B0 /* Build configuration list for PBXNativeTarget "NewsAPI" */ = {
			isa = XCConfigurationList;
			buildConfigurations = (
				BB17960C2627E04000EB75B0 /* Debug */,
				BB17960D2627E04000EB75B0 /* Release */,
			);
			defaultConfigurationIsVisible = 0;
			defaultConfigurationName = Release;
		};
/* End XCConfigurationList section */

/* Begin XCRemoteSwiftPackageReference section */
		BB6932892629208C00E5D5AD /* XCRemoteSwiftPackageReference "SwiftyJSON" */ = {
			isa = XCRemoteSwiftPackageReference;
			repositoryURL = "https://github.com/SwiftyJSON/SwiftyJSON";
			requirement = {
				kind = upToNextMajorVersion;
				minimumVersion = 5.0.1;
			};
		};
		BB69328D262928FE00E5D5AD /* XCRemoteSwiftPackageReference "SDWebImageSwiftUI" */ = {
			isa = XCRemoteSwiftPackageReference;
			repositoryURL = "https://github.com/SDWebImage/SDWebImageSwiftUI";
			requirement = {
				kind = upToNextMajorVersion;
				minimumVersion = 2.0.2;
			};
		};
/* End XCRemoteSwiftPackageReference section */

/* Begin XCSwiftPackageProductDependency section */
		BB69328A2629208C00E5D5AD /* SwiftyJSON */ = {
			isa = XCSwiftPackageProductDependency;
			package = BB6932892629208C00E5D5AD /* XCRemoteSwiftPackageReference "SwiftyJSON" */;
			productName = SwiftyJSON;
		};
		BB69328E262928FE00E5D5AD /* SDWebImageSwiftUI */ = {
			isa = XCSwiftPackageProductDependency;
			package = BB69328D262928FE00E5D5AD /* XCRemoteSwiftPackageReference "SDWebImageSwiftUI" */;
			productName = SDWebImageSwiftUI;
		};
/* End XCSwiftPackageProductDependency section */

/* Begin XCVersionGroup section */
		BB1795FD2627E03E00EB75B0 /* NewsAPI.xcdatamodeld */ = {
			isa = XCVersionGroup;
			children = (
				BB1795FE2627E03E00EB75B0 /* NewsAPI.xcdatamodel */,
			);
			currentVersion = BB1795FE2627E03E00EB75B0 /* NewsAPI.xcdatamodel */;
			path = NewsAPI.xcdatamodeld;
			sourceTree = "<group>";
			versionGroupType = wrapper.xcdatamodel;
		};
/* End XCVersionGroup section */
	};
	rootObject = BB1795EC2627E03E00EB75B0 /* Project object */;
}
